
Microsoft Visual Studio Solution File, Format Version 10.00
# Visual Studio 2008
Project("{FAE04EC0-301F-11D3-BF4B-00C04F79EFBC}") = "DebtPro", "DebtPro\DebtPro.csproj", "{505F4C79-1AE1-4E01-8DED-83560C46735E}"
EndProject
Project("{54435603-DBB4-11D2-8724-00A0C9A8B90C}") = "DebtProSetup", "DebtProSetup\DebtProSetup.vdproj", "{77C0E71B-B951-41ED-9EE1-C1BB29BC2D29}"
	ProjectSection(ProjectDependencies) = postProject
		{505F4C79-1AE1-4E01-8DED-83560C46735E} = {505F4C79-1AE1-4E01-8DED-83560C46735E}
	EndProjectSection
EndProject
Global
	GlobalSection(SolutionConfigurationPlatforms) = preSolution
		Debug|Any CPU = Debug|Any CPU
		Release|Any CPU = Release|Any CPU
	EndGlobalSection
	GlobalSection(ProjectConfigurationPlatforms) = postSolution
		{505F4C79-1AE1-4E01-8DED-83560C46735E}.Debug|Any CPU.ActiveCfg = Debug|Any CPU
		{505F4C79-1AE1-4E01-8DED-83560C46735E}.Debug|Any CPU.Build.0 = Debug|Any CPU
		{505F4C79-1AE1-4E01-8DED-83560C46735E}.Release|Any CPU.ActiveCfg = Release|Any CPU
		{505F4C79-1AE1-4E01-8DED-83560C46735E}.Release|Any CPU.Build.0 = Release|Any CPU
		{77C0E71B-B951-41ED-9EE1-C1BB29BC2D29}.Debug|Any CPU.ActiveCfg = Debug
		{77C0E71B-B951-41ED-9EE1-C1BB29BC2D29}.Release|Any CPU.ActiveCfg = Release
		{77C0E71B-B951-41ED-9EE1-C1BB29BC2D29}.Release|Any CPU.Build.0 = Release
	EndGlobalSection
	GlobalSection(SolutionProperties) = preSolution
		HideSolutionNode = FALSE
	EndGlobalSection
EndGlobal
