
Microsoft Visual Studio Solution File, Format Version 10.00
# Visual Studio 2008
Project("{FAE04EC0-301F-11D3-BF4B-00C04F79EFBC}") = "S3CmdPlugin", "S3CmdPlugin\S3CmdPlugin.csproj", "{594E4D8B-FD52-441E-A362-A1D1653CFC77}"
EndProject
Project("{FAE04EC0-301F-11D3-BF4B-00C04F79EFBC}") = "Ntlx.MSBuild.Tasks", "Ntlx.MSBuild.Tasks\Ntlx.MSBuild.Tasks.csproj", "{3DB5091A-2073-4387-918E-677F9FBCD839}"
EndProject
Global
	GlobalSection(SolutionConfigurationPlatforms) = preSolution
		Debug|Any CPU = Debug|Any CPU
		Release|Any CPU = Release|Any CPU
	EndGlobalSection
	GlobalSection(ProjectConfigurationPlatforms) = postSolution
		{594E4D8B-FD52-441E-A362-A1D1653CFC77}.Debug|Any CPU.ActiveCfg = Debug|Any CPU
		{594E4D8B-FD52-441E-A362-A1D1653CFC77}.Debug|Any CPU.Build.0 = Debug|Any CPU
		{594E4D8B-FD52-441E-A362-A1D1653CFC77}.Release|Any CPU.ActiveCfg = Release|Any CPU
		{594E4D8B-FD52-441E-A362-A1D1653CFC77}.Release|Any CPU.Build.0 = Release|Any CPU
		{3DB5091A-2073-4387-918E-677F9FBCD839}.Debug|Any CPU.ActiveCfg = Debug|Any CPU
		{3DB5091A-2073-4387-918E-677F9FBCD839}.Debug|Any CPU.Build.0 = Debug|Any CPU
		{3DB5091A-2073-4387-918E-677F9FBCD839}.Release|Any CPU.ActiveCfg = Release|Any CPU
		{3DB5091A-2073-4387-918E-677F9FBCD839}.Release|Any CPU.Build.0 = Release|Any CPU
	EndGlobalSection
	GlobalSection(SolutionProperties) = preSolution
		HideSolutionNode = FALSE
	EndGlobalSection
EndGlobal
